
Microsoft Visual Studio Solution File, Format Version 12.00
# Visual Studio Version 16
VisualStudioVersion = 16.0.29503.13
MinimumVisualStudioVersion = 10.0.40219.1
Project("{8BC9CEB8-8B4A-11D0-8D11-00A0C91BC942}") = "zuoye2", "zuoye2\zuoye2.vcxproj", "{F958978A-A590-427D-BBCE-70BBEC6706CE}"
EndProject
Global
	GlobalSection(SolutionConfigurationPlatforms) = preSolution
		Debug|x64 = Debug|x64
		Debug|x86 = Debug|x86
		Release|x64 = Release|x64
		Release|x86 = Release|x86
	EndGlobalSection
	GlobalSection(ProjectConfigurationPlatforms) = postSolution
		{F958978A-A590-427D-BBCE-70BBEC6706CE}.Debug|x64.ActiveCfg = Debug|x64
		{F958978A-A590-427D-BBCE-70BBEC6706CE}.Debug|x64.Build.0 = Debug|x64
		{F958978A-A590-427D-BBCE-70BBEC6706CE}.Debug|x86.ActiveCfg = Debug|Win32
		{F958978A-A590-427D-BBCE-70BBEC6706CE}.Debug|x86.Build.0 = Debug|Win32
		{F958978A-A590-427D-BBCE-70BBEC6706CE}.Release|x64.ActiveCfg = Release|x64
		{F958978A-A590-427D-BBCE-70BBEC6706CE}.Release|x64.Build.0 = Release|x64
		{F958978A-A590-427D-BBCE-70BBEC6706CE}.Release|x86.ActiveCfg = Release|Win32
		{F958978A-A590-427D-BBCE-70BBEC6706CE}.Release|x86.Build.0 = Release|Win32
	EndGlobalSection
	GlobalSection(SolutionProperties) = preSolution
		HideSolutionNode = FALSE
	EndGlobalSection
	GlobalSection(ExtensibilityGlobals) = postSolution
		SolutionGuid = {24050D7C-6B4F-4EE3-99DD-D6159B689164}
	EndGlobalSection
EndGlobal
